{
  "originHash" : "e51ce6a953892a78b88a921d1ed29a8bba9ccdf6f8f83b3b6b4139f4b7eeb771",
  "pins" : [
    {
      "identity" : "clt-logger",
      "kind" : "remoteSourceControl",
      "location" : "https://github.com/xcode-actions/clt-logger.git",
      "state" : {
        "revision" : "466436154f6b54f7f54dd14c7e1ee887ecb979e0",
        "version" : "1.0.0-beta.4"
      }
    },
    {
      "identity" : "globalconfmodule",
      "kind" : "remoteSourceControl",
      "location" : "https://github.com/Frizlab/GlobalConfModule.git",
      "state" : {
        "revision" : "2f1abd5058fffcb5cbbab68da9c4ca4f55d167da",
        "version" : "0.4.1"
      }
    },
    {
      "identity" : "swift-argument-parser",
      "kind" : "remoteSourceControl",
      "location" : "https://github.com/apple/swift-argument-parser.git",
      "state" : {
        "revision" : "41982a3656a71c768319979febd796c6fd111d5c",
        "version" : "1.5.0"
      }
    },
    {
      "identity" : "swift-log",
      "kind" : "remoteSourceControl",
      "location" : "https://github.com/apple/swift-log.git",
      "state" : {
        "revision" : "96a2f8a0fa41e9e09af4585e2724c4e825410b91",
        "version" : "1.6.2"
      }
    },
    {
      "identity" : "swift-service-context",
      "kind" : "remoteSourceControl",
      "location" : "https://github.com/apple/swift-service-context.git",
      "state" : {
        "revision" : "0c62c5b4601d6c125050b5c3a97f20cce881d32b",
        "version" : "1.1.0"
      }
    },
    {
      "identity" : "swift-syntax",
      "kind" : "remoteSourceControl",
      "location" : "https://github.com/swiftlang/swift-syntax.git",
      "state" : {
        "revision" : "0687f71944021d616d34d922343dcef086855920",
        "version" : "600.0.1"
      }
    }
  ],
  "version" : 3
}
