{
  "object": {
    "pins": [
      {
        "package": "clt-logger",
        "repositoryURL": "https://github.com/xcode-actions/clt-logger.git",
        "state": {
          "branch": null,
          "revision": "d60fd8ede1821e652e8c4dcd13862ce8fdaaa977",
          "version": "0.8.0"
        }
      },
      {
        "package": "swift-argument-parser",
        "repositoryURL": "https://github.com/apple/swift-argument-parser.git",
        "state": {
          "branch": null,
          "revision": "c8ed701b513cf5177118a175d85fbbbcd707ab41",
          "version": "1.3.0"
        }
      },
      {
        "package": "swift-log",
        "repositoryURL": "https://github.com/apple/swift-log.git",
        "state": {
          "branch": null,
          "revision": "e97a6fcb1ab07462881ac165fdbb37f067e205d5",
          "version": "1.5.4"
        }
      }
    ]
  },
  "version": 1
}
