{
  "object": {
    "pins": [
      {
        "package": "clt-logger",
        "repositoryURL": "https://github.com/xcode-actions/clt-logger.git",
        "state": {
          "branch": null,
          "revision": "d1835906c7d88c25abe30e11b82bf4d305e126d5",
          "version": "0.4.0"
        }
      },
      {
        "package": "swift-argument-parser",
        "repositoryURL": "https://github.com/apple/swift-argument-parser.git",
        "state": {
          "branch": null,
          "revision": "fd4c3b68a0c04c4c6cda27f0213c3703d50080e8",
          "version": "1.0.0"
        }
      },
      {
        "package": "swift-backtrace",
        "repositoryURL": "https://github.com/swift-server/swift-backtrace.git",
        "state": {
          "branch": null,
          "revision": "f25620d5d05e2f1ba27154b40cafea2b67566956",
          "version": "1.3.3"
        }
      },
      {
        "package": "swift-log",
        "repositoryURL": "https://github.com/apple/swift-log.git",
        "state": {
          "branch": null,
          "revision": "6fe203dc33195667ce1759bf0182975e4653ba1c",
          "version": "1.4.4"
        }
      }
    ]
  },
  "version": 1
}
